// !$*UTF8*$!
{
	archiveVersion = 1;
	classes = {
	};
	objectVersion = 55;
	objects = {

/* Begin PBXBuildFile section */
		07EA2146FD647E7231F08AA3 /* Pods_CSC680FinalProjectMoviesAppTests.framework in Frameworks */ = {isa = PBXBuildFile; fileRef = 624070EC6BFD6DF9C5799A47 /* Pods_CSC680FinalProjectMoviesAppTests.framework */; };
		42187733295908B50043CC7C /* MovieViewController.swift in Sources */ = {isa = PBXBuildFile; fileRef = 42187732295908B50043CC7C /* MovieViewController.swift */; };
		42187735295908EE0043CC7C /* MovieViewControllerCell.swift in Sources */ = {isa = PBXBuildFile; fileRef = 42187734295908EE0043CC7C /* MovieViewControllerCell.swift */; };
		4237C34E2957FDCF004F2307 /* MovieCell.swift in Sources */ = {isa = PBXBuildFile; fileRef = 4237C34D2957FDCF004F2307 /* MovieCell.swift */; };
		4264373D2957797A00B8589A /* AppDelegate.swift in Sources */ = {isa = PBXBuildFile; fileRef = 4264373C2957797A00B8589A /* AppDelegate.swift */; };
		4264373F2957797A00B8589A /* SceneDelegate.swift in Sources */ = {isa = PBXBuildFile; fileRef = 4264373E2957797A00B8589A /* SceneDelegate.swift */; };
		426437412957797A00B8589A /* ViewController.swift in Sources */ = {isa = PBXBuildFile; fileRef = 426437402957797A00B8589A /* ViewController.swift */; };
		426437442957797A00B8589A /* Main.storyboard in Resources */ = {isa = PBXBuildFile; fileRef = 426437422957797A00B8589A /* Main.storyboard */; };
		426437462957797D00B8589A /* Assets.xcassets in Resources */ = {isa = PBXBuildFile; fileRef = 426437452957797D00B8589A /* Assets.xcassets */; };
		426437492957797D00B8589A /* LaunchScreen.storyboard in Resources */ = {isa = PBXBuildFile; fileRef = 426437472957797D00B8589A /* LaunchScreen.storyboard */; };
		426437542957797D00B8589A /* CSC680FinalProjectMoviesAppTests.swift in Sources */ = {isa = PBXBuildFile; fileRef = 426437532957797D00B8589A /* CSC680FinalProjectMoviesAppTests.swift */; };
		4264375E2957797D00B8589A /* CSC680FinalProjectMoviesAppUITests.swift in Sources */ = {isa = PBXBuildFile; fileRef = 4264375D2957797D00B8589A /* CSC680FinalProjectMoviesAppUITests.swift */; };
		426437602957797D00B8589A /* CSC680FinalProjectMoviesAppUITestsLaunchTests.swift in Sources */ = {isa = PBXBuildFile; fileRef = 4264375F2957797D00B8589A /* CSC680FinalProjectMoviesAppUITestsLaunchTests.swift */; };
		4264377029577A0300B8589A /* MovieJSONModel.swift in Sources */ = {isa = PBXBuildFile; fileRef = 4264376F29577A0300B8589A /* MovieJSONModel.swift */; };
		4264377229577A1F00B8589A /* APIService.swift in Sources */ = {isa = PBXBuildFile; fileRef = 4264377129577A1F00B8589A /* APIService.swift */; };
		4264377429577B3D00B8589A /* MovieObjectModel.swift in Sources */ = {isa = PBXBuildFile; fileRef = 4264377329577B3D00B8589A /* MovieObjectModel.swift */; };
		4264377629577B8D00B8589A /* NetworkService.swift in Sources */ = {isa = PBXBuildFile; fileRef = 4264377529577B8D00B8589A /* NetworkService.swift */; };
		872135F37EC5C231550AE1CB /* Pods_CSC680FinalProjectMoviesApp_CSC680FinalProjectMoviesAppUITests.framework in Frameworks */ = {isa = PBXBuildFile; fileRef = 0ABD9DB5156B07C8DC676166 /* Pods_CSC680FinalProjectMoviesApp_CSC680FinalProjectMoviesAppUITests.framework */; };
		CC8EB9C378816F186440FE32 /* Pods_CSC680FinalProjectMoviesApp.framework in Frameworks */ = {isa = PBXBuildFile; fileRef = 8A74D88C7F712D7C3B2A9121 /* Pods_CSC680FinalProjectMoviesApp.framework */; };
/* End PBXBuildFile section */

/* Begin PBXContainerItemProxy section */
		426437502957797D00B8589A /* PBXContainerItemProxy */ = {
			isa = PBXContainerItemProxy;
			containerPortal = 426437312957797A00B8589A /* Project object */;
			proxyType = 1;
			remoteGlobalIDString = 426437382957797A00B8589A;
			remoteInfo = CSC680FinalProjectMoviesApp;
		};
		4264375A2957797D00B8589A /* PBXContainerItemProxy */ = {
			isa = PBXContainerItemProxy;
			containerPortal = 426437312957797A00B8589A /* Project object */;
			proxyType = 1;
			remoteGlobalIDString = 426437382957797A00B8589A;
			remoteInfo = CSC680FinalProjectMoviesApp;
		};
/* End PBXContainerItemProxy section */

/* Begin PBXFileReference section */
		04CCBF2791F841B23E38A5A7 /* Pods-CSC680FinalProjectMoviesApp-CSC680FinalProjectMoviesAppUITests.debug.xcconfig */ = {isa = PBXFileReference; includeInIndex = 1; lastKnownFileType = text.xcconfig; name = "Pods-CSC680FinalProjectMoviesApp-CSC680FinalProjectMoviesAppUITests.debug.xcconfig"; path = "Target Support Files/Pods-CSC680FinalProjectMoviesApp-CSC680FinalProjectMoviesAppUITests/Pods-CSC680FinalProjectMoviesApp-CSC680FinalProjectMoviesAppUITests.debug.xcconfig"; sourceTree = "<group>"; };
		0ABD9DB5156B07C8DC676166 /* Pods_CSC680FinalProjectMoviesApp_CSC680FinalProjectMoviesAppUITests.framework */ = {isa = PBXFileReference; explicitFileType = wrapper.framework; includeInIndex = 0; path = Pods_CSC680FinalProjectMoviesApp_CSC680FinalProjectMoviesAppUITests.framework; sourceTree = BUILT_PRODUCTS_DIR; };
		1C58028F396A24D24BD38BD1 /* Pods-CSC680FinalProjectMoviesAppTests.release.xcconfig */ = {isa = PBXFileReference; includeInIndex = 1; lastKnownFileType = text.xcconfig; name = "Pods-CSC680FinalProjectMoviesAppTests.release.xcconfig"; path = "Target Support Files/Pods-CSC680FinalProjectMoviesAppTests/Pods-CSC680FinalProjectMoviesAppTests.release.xcconfig"; sourceTree = "<group>"; };
		42187732295908B50043CC7C /* MovieViewController.swift */ = {isa = PBXFileReference; lastKnownFileType = sourcecode.swift; path = MovieViewController.swift; sourceTree = "<group>"; };
		42187734295908EE0043CC7C /* MovieViewControllerCell.swift */ = {isa = PBXFileReference; lastKnownFileType = sourcecode.swift; path = MovieViewControllerCell.swift; sourceTree = "<group>"; };
		4237C34D2957FDCF004F2307 /* MovieCell.swift */ = {isa = PBXFileReference; lastKnownFileType = sourcecode.swift; path = MovieCell.swift; sourceTree = "<group>"; };
		426437392957797A00B8589A /* CSC680FinalProjectMoviesApp.app */ = {isa = PBXFileReference; explicitFileType = wrapper.application; includeInIndex = 0; path = CSC680FinalProjectMoviesApp.app; sourceTree = BUILT_PRODUCTS_DIR; };
		4264373C2957797A00B8589A /* AppDelegate.swift */ = {isa = PBXFileReference; lastKnownFileType = sourcecode.swift; path = AppDelegate.swift; sourceTree = "<group>"; };
		4264373E2957797A00B8589A /* SceneDelegate.swift */ = {isa = PBXFileReference; lastKnownFileType = sourcecode.swift; path = SceneDelegate.swift; sourceTree = "<group>"; };
		426437402957797A00B8589A /* ViewController.swift */ = {isa = PBXFileReference; lastKnownFileType = sourcecode.swift; path = ViewController.swift; sourceTree = "<group>"; };
		426437432957797A00B8589A /* Base */ = {isa = PBXFileReference; lastKnownFileType = file.storyboard; name = Base; path = Base.lproj/Main.storyboard; sourceTree = "<group>"; };
		426437452957797D00B8589A /* Assets.xcassets */ = {isa = PBXFileReference; lastKnownFileType = folder.assetcatalog; path = Assets.xcassets; sourceTree = "<group>"; };
		426437482957797D00B8589A /* Base */ = {isa = PBXFileReference; lastKnownFileType = file.storyboard; name = Base; path = Base.lproj/LaunchScreen.storyboard; sourceTree = "<group>"; };
		4264374A2957797D00B8589A /* Info.plist */ = {isa = PBXFileReference; lastKnownFileType = text.plist.xml; path = Info.plist; sourceTree = "<group>"; };
		4264374F2957797D00B8589A /* CSC680FinalProjectMoviesAppTests.xctest */ = {isa = PBXFileReference; explicitFileType = wrapper.cfbundle; includeInIndex = 0; path = CSC680FinalProjectMoviesAppTests.xctest; sourceTree = BUILT_PRODUCTS_DIR; };
		426437532957797D00B8589A /* CSC680FinalProjectMoviesAppTests.swift */ = {isa = PBXFileReference; lastKnownFileType = sourcecode.swift; path = CSC680FinalProjectMoviesAppTests.swift; sourceTree = "<group>"; };
		426437592957797D00B8589A /* CSC680FinalProjectMoviesAppUITests.xctest */ = {isa = PBXFileReference; explicitFileType = wrapper.cfbundle; includeInIndex = 0; path = CSC680FinalProjectMoviesAppUITests.xctest; sourceTree = BUILT_PRODUCTS_DIR; };
		4264375D2957797D00B8589A /* CSC680FinalProjectMoviesAppUITests.swift */ = {isa = PBXFileReference; lastKnownFileType = sourcecode.swift; path = CSC680FinalProjectMoviesAppUITests.swift; sourceTree = "<group>"; };
		4264375F2957797D00B8589A /* CSC680FinalProjectMoviesAppUITestsLaunchTests.swift */ = {isa = PBXFileReference; lastKnownFileType = sourcecode.swift; path = CSC680FinalProjectMoviesAppUITestsLaunchTests.swift; sourceTree = "<group>"; };
		4264376F29577A0300B8589A /* MovieJSONModel.swift */ = {isa = PBXFileReference; lastKnownFileType = sourcecode.swift; path = MovieJSONModel.swift; sourceTree = "<group>"; };
		4264377129577A1F00B8589A /* APIService.swift */ = {isa = PBXFileReference; lastKnownFileType = sourcecode.swift; path = APIService.swift; sourceTree = "<group>"; };
		4264377329577B3D00B8589A /* MovieObjectModel.swift */ = {isa = PBXFileReference; lastKnownFileType = sourcecode.swift; path = MovieObjectModel.swift; sourceTree = "<group>"; };
		4264377529577B8D00B8589A /* NetworkService.swift */ = {isa = PBXFileReference; lastKnownFileType = sourcecode.swift; path = NetworkService.swift; sourceTree = "<group>"; };
		4BBC83B8BC4603EAE68F47AF /* Pods-CSC680FinalProjectMoviesApp.release.xcconfig */ = {isa = PBXFileReference; includeInIndex = 1; lastKnownFileType = text.xcconfig; name = "Pods-CSC680FinalProjectMoviesApp.release.xcconfig"; path = "Target Support Files/Pods-CSC680FinalProjectMoviesApp/Pods-CSC680FinalProjectMoviesApp.release.xcconfig"; sourceTree = "<group>"; };
		624070EC6BFD6DF9C5799A47 /* Pods_CSC680FinalProjectMoviesAppTests.framework */ = {isa = PBXFileReference; explicitFileType = wrapper.framework; includeInIndex = 0; path = Pods_CSC680FinalProjectMoviesAppTests.framework; sourceTree = BUILT_PRODUCTS_DIR; };
		8A74D88C7F712D7C3B2A9121 /* Pods_CSC680FinalProjectMoviesApp.framework */ = {isa = PBXFileReference; explicitFileType = wrapper.framework; includeInIndex = 0; path = Pods_CSC680FinalProjectMoviesApp.framework; sourceTree = BUILT_PRODUCTS_DIR; };
		9CB460EE90C80C6A36217116 /* Pods-CSC680FinalProjectMoviesApp-CSC680FinalProjectMoviesAppUITests.release.xcconfig */ = {isa = PBXFileReference; includeInIndex = 1; lastKnownFileType = text.xcconfig; name = "Pods-CSC680FinalProjectMoviesApp-CSC680FinalProjectMoviesAppUITests.release.xcconfig"; path = "Target Support Files/Pods-CSC680FinalProjectMoviesApp-CSC680FinalProjectMoviesAppUITests/Pods-CSC680FinalProjectMoviesApp-CSC680FinalProjectMoviesAppUITests.release.xcconfig"; sourceTree = "<group>"; };
		ACC63006E9C7B957819FBB82 /* Pods-CSC680FinalProjectMoviesAppTests.debug.xcconfig */ = {isa = PBXFileReference; includeInIndex = 1; lastKnownFileType = text.xcconfig; name = "Pods-CSC680FinalProjectMoviesAppTests.debug.xcconfig"; path = "Target Support Files/Pods-CSC680FinalProjectMoviesAppTests/Pods-CSC680FinalProjectMoviesAppTests.debug.xcconfig"; sourceTree = "<group>"; };
		F581B8840B900F9DC103005A /* Pods-CSC680FinalProjectMoviesApp.debug.xcconfig */ = {isa = PBXFileReference; includeInIndex = 1; lastKnownFileType = text.xcconfig; name = "Pods-CSC680FinalProjectMoviesApp.debug.xcconfig"; path = "Target Support Files/Pods-CSC680FinalProjectMoviesApp/Pods-CSC680FinalProjectMoviesApp.debug.xcconfig"; sourceTree = "<group>"; };
/* End PBXFileReference section */

/* Begin PBXFrameworksBuildPhase section */
		426437362957797A00B8589A /* Frameworks */ = {
			isa = PBXFrameworksBuildPhase;
			buildActionMask = 2147483647;
			files = (
				CC8EB9C378816F186440FE32 /* Pods_CSC680FinalProjectMoviesApp.framework in Frameworks */,
			);
			runOnlyForDeploymentPostprocessing = 0;
		};
		4264374C2957797D00B8589A /* Frameworks */ = {
			isa = PBXFrameworksBuildPhase;
			buildActionMask = 2147483647;
			files = (
				07EA2146FD647E7231F08AA3 /* Pods_CSC680FinalProjectMoviesAppTests.framework in Frameworks */,
			);
			runOnlyForDeploymentPostprocessing = 0;
		};
		426437562957797D00B8589A /* Frameworks */ = {
			isa = PBXFrameworksBuildPhase;
			buildActionMask = 2147483647;
			files = (
				872135F37EC5C231550AE1CB /* Pods_CSC680FinalProjectMoviesApp_CSC680FinalProjectMoviesAppUITests.framework in Frameworks */,
			);
			runOnlyForDeploymentPostprocessing = 0;
		};
/* End PBXFrameworksBuildPhase section */

/* Begin PBXGroup section */
		4237C34B2957FCE1004F2307 /* Controllers */ = {
			isa = PBXGroup;
			children = (
				426437402957797A00B8589A /* ViewController.swift */,
				42187732295908B50043CC7C /* MovieViewController.swift */,
			);
			path = Controllers;
			sourceTree = "<group>";
		};
		4237C34C2957FDBF004F2307 /* Cells */ = {
			isa = PBXGroup;
			children = (
				4237C34D2957FDCF004F2307 /* MovieCell.swift */,
				42187734295908EE0043CC7C /* MovieViewControllerCell.swift */,
			);
			path = Cells;
			sourceTree = "<group>";
		};
		426437302957797A00B8589A = {
			isa = PBXGroup;
			children = (
				4264373B2957797A00B8589A /* CSC680FinalProjectMoviesApp */,
				426437522957797D00B8589A /* CSC680FinalProjectMoviesAppTests */,
				4264375C2957797D00B8589A /* CSC680FinalProjectMoviesAppUITests */,
				4264373A2957797A00B8589A /* Products */,
				C2F9FFAB929E0D70483F9385 /* Pods */,
				AA79EF3EE73F1797F20A1C2D /* Frameworks */,
			);
			sourceTree = "<group>";
		};
		4264373A2957797A00B8589A /* Products */ = {
			isa = PBXGroup;
			children = (
				426437392957797A00B8589A /* CSC680FinalProjectMoviesApp.app */,
				4264374F2957797D00B8589A /* CSC680FinalProjectMoviesAppTests.xctest */,
				426437592957797D00B8589A /* CSC680FinalProjectMoviesAppUITests.xctest */,
			);
			name = Products;
			sourceTree = "<group>";
		};
		4264373B2957797A00B8589A /* CSC680FinalProjectMoviesApp */ = {
			isa = PBXGroup;
			children = (
				4237C34C2957FDBF004F2307 /* Cells */,
				4237C34B2957FCE1004F2307 /* Controllers */,
				4264376E295779B800B8589A /* Networking  */,
				4264376D295779AC00B8589A /* API */,
				4264376C2957799900B8589A /* Models */,
				4264373C2957797A00B8589A /* AppDelegate.swift */,
				4264373E2957797A00B8589A /* SceneDelegate.swift */,
				426437422957797A00B8589A /* Main.storyboard */,
				426437452957797D00B8589A /* Assets.xcassets */,
				426437472957797D00B8589A /* LaunchScreen.storyboard */,
				4264374A2957797D00B8589A /* Info.plist */,
			);
			path = CSC680FinalProjectMoviesApp;
			sourceTree = "<group>";
		};
		426437522957797D00B8589A /* CSC680FinalProjectMoviesAppTests */ = {
			isa = PBXGroup;
			children = (
				426437532957797D00B8589A /* CSC680FinalProjectMoviesAppTests.swift */,
			);
			path = CSC680FinalProjectMoviesAppTests;
			sourceTree = "<group>";
		};
		4264375C2957797D00B8589A /* CSC680FinalProjectMoviesAppUITests */ = {
			isa = PBXGroup;
			children = (
				4264375D2957797D00B8589A /* CSC680FinalProjectMoviesAppUITests.swift */,
				4264375F2957797D00B8589A /* CSC680FinalProjectMoviesAppUITestsLaunchTests.swift */,
			);
			path = CSC680FinalProjectMoviesAppUITests;
			sourceTree = "<group>";
		};
		4264376C2957799900B8589A /* Models */ = {
			isa = PBXGroup;
			children = (
				4264376F29577A0300B8589A /* MovieJSONModel.swift */,
				4264377329577B3D00B8589A /* MovieObjectModel.swift */,
			);
			path = Models;
			sourceTree = "<group>";
		};
		4264376D295779AC00B8589A /* API */ = {
			isa = PBXGroup;
			children = (
				4264377129577A1F00B8589A /* APIService.swift */,
			);
			path = API;
			sourceTree = "<group>";
		};
		4264376E295779B800B8589A /* Networking  */ = {
			isa = PBXGroup;
			children = (
				4264377529577B8D00B8589A /* NetworkService.swift */,
			);
			path = "Networking ";
			sourceTree = "<group>";
		};
		AA79EF3EE73F1797F20A1C2D /* Frameworks */ = {
			isa = PBXGroup;
			children = (
				8A74D88C7F712D7C3B2A9121 /* Pods_CSC680FinalProjectMoviesApp.framework */,
				0ABD9DB5156B07C8DC676166 /* Pods_CSC680FinalProjectMoviesApp_CSC680FinalProjectMoviesAppUITests.framework */,
				624070EC6BFD6DF9C5799A47 /* Pods_CSC680FinalProjectMoviesAppTests.framework */,
			);
			name = Frameworks;
			sourceTree = "<group>";
		};
		C2F9FFAB929E0D70483F9385 /* Pods */ = {
			isa = PBXGroup;
			children = (
				F581B8840B900F9DC103005A /* Pods-CSC680FinalProjectMoviesApp.debug.xcconfig */,
				4BBC83B8BC4603EAE68F47AF /* Pods-CSC680FinalProjectMoviesApp.release.xcconfig */,
				04CCBF2791F841B23E38A5A7 /* Pods-CSC680FinalProjectMoviesApp-CSC680FinalProjectMoviesAppUITests.debug.xcconfig */,
				9CB460EE90C80C6A36217116 /* Pods-CSC680FinalProjectMoviesApp-CSC680FinalProjectMoviesAppUITests.release.xcconfig */,
				ACC63006E9C7B957819FBB82 /* Pods-CSC680FinalProjectMoviesAppTests.debug.xcconfig */,
				1C58028F396A24D24BD38BD1 /* Pods-CSC680FinalProjectMoviesAppTests.release.xcconfig */,
			);
			path = Pods;
			sourceTree = "<group>";
		};
/* End PBXGroup section */

/* Begin PBXNativeTarget section */
		426437382957797A00B8589A /* CSC680FinalProjectMoviesApp */ = {
			isa = PBXNativeTarget;
			buildConfigurationList = 426437632957797D00B8589A /* Build configuration list for PBXNativeTarget "CSC680FinalProjectMoviesApp" */;
			buildPhases = (
				F890DA128891C5FEEF0E1AA9 /* [CP] Check Pods Manifest.lock */,
				426437352957797A00B8589A /* Sources */,
				426437362957797A00B8589A /* Frameworks */,
				426437372957797A00B8589A /* Resources */,
				FFC31DBAD7E7FCCDD514D331 /* [CP] Embed Pods Frameworks */,
			);
			buildRules = (
			);
			dependencies = (
			);
			name = CSC680FinalProjectMoviesApp;
			productName = CSC680FinalProjectMoviesApp;
			productReference = 426437392957797A00B8589A /* CSC680FinalProjectMoviesApp.app */;
			productType = "com.apple.product-type.application";
		};
		4264374E2957797D00B8589A /* CSC680FinalProjectMoviesAppTests */ = {
			isa = PBXNativeTarget;
			buildConfigurationList = 426437662957797D00B8589A /* Build configuration list for PBXNativeTarget "CSC680FinalProjectMoviesAppTests" */;
			buildPhases = (
				283609D9674F37173E95DAF6 /* [CP] Check Pods Manifest.lock */,
				4264374B2957797D00B8589A /* Sources */,
				4264374C2957797D00B8589A /* Frameworks */,
				4264374D2957797D00B8589A /* Resources */,
			);
			buildRules = (
			);
			dependencies = (
				426437512957797D00B8589A /* PBXTargetDependency */,
			);
			name = CSC680FinalProjectMoviesAppTests;
			productName = CSC680FinalProjectMoviesAppTests;
			productReference = 4264374F2957797D00B8589A /* CSC680FinalProjectMoviesAppTests.xctest */;
			productType = "com.apple.product-type.bundle.unit-test";
		};
		426437582957797D00B8589A /* CSC680FinalProjectMoviesAppUITests */ = {
			isa = PBXNativeTarget;
			buildConfigurationList = 426437692957797D00B8589A /* Build configuration list for PBXNativeTarget "CSC680FinalProjectMoviesAppUITests" */;
			buildPhases = (
				8314D5E802694A4CA6E96964 /* [CP] Check Pods Manifest.lock */,
				426437552957797D00B8589A /* Sources */,
				426437562957797D00B8589A /* Frameworks */,
				426437572957797D00B8589A /* Resources */,
				80111988B11BD653F97D788F /* [CP] Embed Pods Frameworks */,
			);
			buildRules = (
			);
			dependencies = (
				4264375B2957797D00B8589A /* PBXTargetDependency */,
			);
			name = CSC680FinalProjectMoviesAppUITests;
			productName = CSC680FinalProjectMoviesAppUITests;
			productReference = 426437592957797D00B8589A /* CSC680FinalProjectMoviesAppUITests.xctest */;
			productType = "com.apple.product-type.bundle.ui-testing";
		};
/* End PBXNativeTarget section */

/* Begin PBXProject section */
		426437312957797A00B8589A /* Project object */ = {
			isa = PBXProject;
			attributes = {
				BuildIndependentTargetsInParallel = 1;
				LastSwiftUpdateCheck = 1340;
				LastUpgradeCheck = 1340;
				TargetAttributes = {
					426437382957797A00B8589A = {
						CreatedOnToolsVersion = 13.4.1;
					};
					4264374E2957797D00B8589A = {
						CreatedOnToolsVersion = 13.4.1;
						TestTargetID = 426437382957797A00B8589A;
					};
					426437582957797D00B8589A = {
						CreatedOnToolsVersion = 13.4.1;
						TestTargetID = 426437382957797A00B8589A;
					};
				};
			};
			buildConfigurationList = 426437342957797A00B8589A /* Build configuration list for PBXProject "CSC680FinalProjectMoviesApp" */;
			compatibilityVersion = "Xcode 13.0";
			developmentRegion = en;
			hasScannedForEncodings = 0;
			knownRegions = (
				en,
				Base,
			);
			mainGroup = 426437302957797A00B8589A;
			productRefGroup = 4264373A2957797A00B8589A /* Products */;
			projectDirPath = "";
			projectRoot = "";
			targets = (
				426437382957797A00B8589A /* CSC680FinalProjectMoviesApp */,
				4264374E2957797D00B8589A /* CSC680FinalProjectMoviesAppTests */,
				426437582957797D00B8589A /* CSC680FinalProjectMoviesAppUITests */,
			);
		};
/* End PBXProject section */

/* Begin PBXResourcesBuildPhase section */
		426437372957797A00B8589A /* Resources */ = {
			isa = PBXResourcesBuildPhase;
			buildActionMask = 2147483647;
			files = (
				426437492957797D00B8589A /* LaunchScreen.storyboard in Resources */,
				426437462957797D00B8589A /* Assets.xcassets in Resources */,
				426437442957797A00B8589A /* Main.storyboard in Resources */,
			);
			runOnlyForDeploymentPostprocessing = 0;
		};
		4264374D2957797D00B8589A /* Resources */ = {
			isa = PBXResourcesBuildPhase;
			buildActionMask = 2147483647;
			files = (
			);
			runOnlyForDeploymentPostprocessing = 0;
		};
		426437572957797D00B8589A /* Resources */ = {
			isa = PBXResourcesBuildPhase;
			buildActionMask = 2147483647;
			files = (
			);
			runOnlyForDeploymentPostprocessing = 0;
		};
/* End PBXResourcesBuildPhase section */

/* Begin PBXShellScriptBuildPhase section */
		283609D9674F37173E95DAF6 /* [CP] Check Pods Manifest.lock */ = {
			isa = PBXShellScriptBuildPhase;
			buildActionMask = 2147483647;
			files = (
			);
			inputFileListPaths = (
			);
			inputPaths = (
				"${PODS_PODFILE_DIR_PATH}/Podfile.lock",
				"${PODS_ROOT}/Manifest.lock",
			);
			name = "[CP] Check Pods Manifest.lock";
			outputFileListPaths = (
			);
			outputPaths = (
				"$(DERIVED_FILE_DIR)/Pods-CSC680FinalProjectMoviesAppTests-checkManifestLockResult.txt",
			);
			runOnlyForDeploymentPostprocessing = 0;
			shellPath = /bin/sh;
			shellScript = "diff \"${PODS_PODFILE_DIR_PATH}/Podfile.lock\" \"${PODS_ROOT}/Manifest.lock\" > /dev/null\nif [ $? != 0 ] ; then\n    # print error to STDERR\n    echo \"error: The sandbox is not in sync with the Podfile.lock. Run 'pod install' or update your CocoaPods installation.\" >&2\n    exit 1\nfi\n# This output is used by Xcode 'outputs' to avoid re-running this script phase.\necho \"SUCCESS\" > \"${SCRIPT_OUTPUT_FILE_0}\"\n";
			showEnvVarsInLog = 0;
		};
		80111988B11BD653F97D788F /* [CP] Embed Pods Frameworks */ = {
			isa = PBXShellScriptBuildPhase;
			buildActionMask = 2147483647;
			files = (
			);
			inputFileListPaths = (
				"${PODS_ROOT}/Target Support Files/Pods-CSC680FinalProjectMoviesApp-CSC680FinalProjectMoviesAppUITests/Pods-CSC680FinalProjectMoviesApp-CSC680FinalProjectMoviesAppUITests-frameworks-${CONFIGURATION}-input-files.xcfilelist",
			);
			name = "[CP] Embed Pods Frameworks";
			outputFileListPaths = (
				"${PODS_ROOT}/Target Support Files/Pods-CSC680FinalProjectMoviesApp-CSC680FinalProjectMoviesAppUITests/Pods-CSC680FinalProjectMoviesApp-CSC680FinalProjectMoviesAppUITests-frameworks-${CONFIGURATION}-output-files.xcfilelist",
			);
			runOnlyForDeploymentPostprocessing = 0;
			shellPath = /bin/sh;
			shellScript = "\"${PODS_ROOT}/Target Support Files/Pods-CSC680FinalProjectMoviesApp-CSC680FinalProjectMoviesAppUITests/Pods-CSC680FinalProjectMoviesApp-CSC680FinalProjectMoviesAppUITests-frameworks.sh\"\n";
			showEnvVarsInLog = 0;
		};
		8314D5E802694A4CA6E96964 /* [CP] Check Pods Manifest.lock */ = {
			isa = PBXShellScriptBuildPhase;
			buildActionMask = 2147483647;
			files = (
			);
			inputFileListPaths = (
			);
			inputPaths = (
				"${PODS_PODFILE_DIR_PATH}/Podfile.lock",
				"${PODS_ROOT}/Manifest.lock",
			);
			name = "[CP] Check Pods Manifest.lock";
			outputFileListPaths = (
			);
			outputPaths = (
				"$(DERIVED_FILE_DIR)/Pods-CSC680FinalProjectMoviesApp-CSC680FinalProjectMoviesAppUITests-checkManifestLockResult.txt",
			);
			runOnlyForDeploymentPostprocessing = 0;
			shellPath = /bin/sh;
			shellScript = "diff \"${PODS_PODFILE_DIR_PATH}/Podfile.lock\" \"${PODS_ROOT}/Manifest.lock\" > /dev/null\nif [ $? != 0 ] ; then\n    # print error to STDERR\n    echo \"error: The sandbox is not in sync with the Podfile.lock. Run 'pod install' or update your CocoaPods installation.\" >&2\n    exit 1\nfi\n# This output is used by Xcode 'outputs' to avoid re-running this script phase.\necho \"SUCCESS\" > \"${SCRIPT_OUTPUT_FILE_0}\"\n";
			showEnvVarsInLog = 0;
		};
		F890DA128891C5FEEF0E1AA9 /* [CP] Check Pods Manifest.lock */ = {
			isa = PBXShellScriptBuildPhase;
			buildActionMask = 2147483647;
			files = (
			);
			inputFileListPaths = (
			);
			inputPaths = (
				"${PODS_PODFILE_DIR_PATH}/Podfile.lock",
				"${PODS_ROOT}/Manifest.lock",
			);
			name = "[CP] Check Pods Manifest.lock";
			outputFileListPaths = (
			);
			outputPaths = (
				"$(DERIVED_FILE_DIR)/Pods-CSC680FinalProjectMoviesApp-checkManifestLockResult.txt",
			);
			runOnlyForDeploymentPostprocessing = 0;
			shellPath = /bin/sh;
			shellScript = "diff \"${PODS_PODFILE_DIR_PATH}/Podfile.lock\" \"${PODS_ROOT}/Manifest.lock\" > /dev/null\nif [ $? != 0 ] ; then\n    # print error to STDERR\n    echo \"error: The sandbox is not in sync with the Podfile.lock. Run 'pod install' or update your CocoaPods installation.\" >&2\n    exit 1\nfi\n# This output is used by Xcode 'outputs' to avoid re-running this script phase.\necho \"SUCCESS\" > \"${SCRIPT_OUTPUT_FILE_0}\"\n";
			showEnvVarsInLog = 0;
		};
		FFC31DBAD7E7FCCDD514D331 /* [CP] Embed Pods Frameworks */ = {
			isa = PBXShellScriptBuildPhase;
			buildActionMask = 2147483647;
			files = (
			);
			inputFileListPaths = (
				"${PODS_ROOT}/Target Support Files/Pods-CSC680FinalProjectMoviesApp/Pods-CSC680FinalProjectMoviesApp-frameworks-${CONFIGURATION}-input-files.xcfilelist",
			);
			name = "[CP] Embed Pods Frameworks";
			outputFileListPaths = (
				"${PODS_ROOT}/Target Support Files/Pods-CSC680FinalProjectMoviesApp/Pods-CSC680FinalProjectMoviesApp-frameworks-${CONFIGURATION}-output-files.xcfilelist",
			);
			runOnlyForDeploymentPostprocessing = 0;
			shellPath = /bin/sh;
			shellScript = "\"${PODS_ROOT}/Target Support Files/Pods-CSC680FinalProjectMoviesApp/Pods-CSC680FinalProjectMoviesApp-frameworks.sh\"\n";
			showEnvVarsInLog = 0;
		};
/* End PBXShellScriptBuildPhase section */

/* Begin PBXSourcesBuildPhase section */
		426437352957797A00B8589A /* Sources */ = {
			isa = PBXSourcesBuildPhase;
			buildActionMask = 2147483647;
			files = (
				426437412957797A00B8589A /* ViewController.swift in Sources */,
				4264377429577B3D00B8589A /* MovieObjectModel.swift in Sources */,
				4237C34E2957FDCF004F2307 /* MovieCell.swift in Sources */,
				42187735295908EE0043CC7C /* MovieViewControllerCell.swift in Sources */,
				4264377229577A1F00B8589A /* APIService.swift in Sources */,
				4264373D2957797A00B8589A /* AppDelegate.swift in Sources */,
				42187733295908B50043CC7C /* MovieViewController.swift in Sources */,
				4264377029577A0300B8589A /* MovieJSONModel.swift in Sources */,
				4264373F2957797A00B8589A /* SceneDelegate.swift in Sources */,
				4264377629577B8D00B8589A /* NetworkService.swift in Sources */,
			);
			runOnlyForDeploymentPostprocessing = 0;
		};
		4264374B2957797D00B8589A /* Sources */ = {
			isa = PBXSourcesBuildPhase;
			buildActionMask = 2147483647;
			files = (
				426437542957797D00B8589A /* CSC680FinalProjectMoviesAppTests.swift in Sources */,
			);
			runOnlyForDeploymentPostprocessing = 0;
		};
		426437552957797D00B8589A /* Sources */ = {
			isa = PBXSourcesBuildPhase;
			buildActionMask = 2147483647;
			files = (
				4264375E2957797D00B8589A /* CSC680FinalProjectMoviesAppUITests.swift in Sources */,
				426437602957797D00B8589A /* CSC680FinalProjectMoviesAppUITestsLaunchTests.swift in Sources */,
			);
			runOnlyForDeploymentPostprocessing = 0;
		};
/* End PBXSourcesBuildPhase section */

/* Begin PBXTargetDependency section */
		426437512957797D00B8589A /* PBXTargetDependency */ = {
			isa = PBXTargetDependency;
			target = 426437382957797A00B8589A /* CSC680FinalProjectMoviesApp */;
			targetProxy = 426437502957797D00B8589A /* PBXContainerItemProxy */;
		};
		4264375B2957797D00B8589A /* PBXTargetDependency */ = {
			isa = PBXTargetDependency;
			target = 426437382957797A00B8589A /* CSC680FinalProjectMoviesApp */;
			targetProxy = 4264375A2957797D00B8589A /* PBXContainerItemProxy */;
		};
/* End PBXTargetDependency section */

/* Begin PBXVariantGroup section */
		426437422957797A00B8589A /* Main.storyboard */ = {
			isa = PBXVariantGroup;
			children = (
				426437432957797A00B8589A /* Base */,
			);
			name = Main.storyboard;
			sourceTree = "<group>";
		};
		426437472957797D00B8589A /* LaunchScreen.storyboard */ = {
			isa = PBXVariantGroup;
			children = (
				426437482957797D00B8589A /* Base */,
			);
			name = LaunchScreen.storyboard;
			sourceTree = "<group>";
		};
/* End PBXVariantGroup section */

/* Begin XCBuildConfiguration section */
		426437612957797D00B8589A /* Debug */ = {
			isa = XCBuildConfiguration;
			buildSettings = {
				ALWAYS_SEARCH_USER_PATHS = NO;
				CLANG_ANALYZER_NONNULL = YES;
				CLANG_ANALYZER_NUMBER_OBJECT_CONVERSION = YES_AGGRESSIVE;
				CLANG_CXX_LANGUAGE_STANDARD = "gnu++17";
				CLANG_ENABLE_MODULES = YES;
				CLANG_ENABLE_OBJC_ARC = YES;
				CLANG_ENABLE_OBJC_WEAK = YES;
				CLANG_WARN_BLOCK_CAPTURE_AUTORELEASING = YES;
				CLANG_WARN_BOOL_CONVERSION = YES;
				CLANG_WARN_COMMA = YES;
				CLANG_WARN_CONSTANT_CONVERSION = YES;
				CLANG_WARN_DEPRECATED_OBJC_IMPLEMENTATIONS = YES;
				CLANG_WARN_DIRECT_OBJC_ISA_USAGE = YES_ERROR;
				CLANG_WARN_DOCUMENTATION_COMMENTS = YES;
				CLANG_WARN_EMPTY_BODY = YES;
				CLANG_WARN_ENUM_CONVERSION = YES;
				CLANG_WARN_INFINITE_RECURSION = YES;
				CLANG_WARN_INT_CONVERSION = YES;
				CLANG_WARN_NON_LITERAL_NULL_CONVERSION = YES;
				CLANG_WARN_OBJC_IMPLICIT_RETAIN_SELF = YES;
				CLANG_WARN_OBJC_LITERAL_CONVERSION = YES;
				CLANG_WARN_OBJC_ROOT_CLASS = YES_ERROR;
				CLANG_WARN_QUOTED_INCLUDE_IN_FRAMEWORK_HEADER = YES;
				CLANG_WARN_RANGE_LOOP_ANALYSIS = YES;
				CLANG_WARN_STRICT_PROTOTYPES = YES;
				CLANG_WARN_SUSPICIOUS_MOVE = YES;
				CLANG_WARN_UNGUARDED_AVAILABILITY = YES_AGGRESSIVE;
				CLANG_WARN_UNREACHABLE_CODE = YES;
				CLANG_WARN__DUPLICATE_METHOD_MATCH = YES;
				COPY_PHASE_STRIP = NO;
				DEBUG_INFORMATION_FORMAT = dwarf;
				ENABLE_STRICT_OBJC_MSGSEND = YES;
				ENABLE_TESTABILITY = YES;
				GCC_C_LANGUAGE_STANDARD = gnu11;
				GCC_DYNAMIC_NO_PIC = NO;
				GCC_NO_COMMON_BLOCKS = YES;
				GCC_OPTIMIZATION_LEVEL = 0;
				GCC_PREPROCESSOR_DEFINITIONS = (
					"DEBUG=1",
					"$(inherited)",
				);
				GCC_WARN_64_TO_32_BIT_CONVERSION = YES;
				GCC_WARN_ABOUT_RETURN_TYPE = YES_ERROR;
				GCC_WARN_UNDECLARED_SELECTOR = YES;
				GCC_WARN_UNINITIALIZED_AUTOS = YES_AGGRESSIVE;
				GCC_WARN_UNUSED_FUNCTION = YES;
				GCC_WARN_UNUSED_VARIABLE = YES;
				IPHONEOS_DEPLOYMENT_TARGET = 15.5;
				MTL_ENABLE_DEBUG_INFO = INCLUDE_SOURCE;
				MTL_FAST_MATH = YES;
				ONLY_ACTIVE_ARCH = YES;
				SDKROOT = iphoneos;
				SWIFT_ACTIVE_COMPILATION_CONDITIONS = DEBUG;
				SWIFT_OPTIMIZATION_LEVEL = "-Onone";
			};
			name = Debug;
		};
		426437622957797D00B8589A /* Release */ = {
			isa = XCBuildConfiguration;
			buildSettings = {
				ALWAYS_SEARCH_USER_PATHS = NO;
				CLANG_ANALYZER_NONNULL = YES;
				CLANG_ANALYZER_NUMBER_OBJECT_CONVERSION = YES_AGGRESSIVE;
				CLANG_CXX_LANGUAGE_STANDARD = "gnu++17";
				CLANG_ENABLE_MODULES = YES;
				CLANG_ENABLE_OBJC_ARC = YES;
				CLANG_ENABLE_OBJC_WEAK = YES;
				CLANG_WARN_BLOCK_CAPTURE_AUTORELEASING = YES;
				CLANG_WARN_BOOL_CONVERSION = YES;
				CLANG_WARN_COMMA = YES;
				CLANG_WARN_CONSTANT_CONVERSION = YES;
				CLANG_WARN_DEPRECATED_OBJC_IMPLEMENTATIONS = YES;
				CLANG_WARN_DIRECT_OBJC_ISA_USAGE = YES_ERROR;
				CLANG_WARN_DOCUMENTATION_COMMENTS = YES;
				CLANG_WARN_EMPTY_BODY = YES;
				CLANG_WARN_ENUM_CONVERSION = YES;
				CLANG_WARN_INFINITE_RECURSION = YES;
				CLANG_WARN_INT_CONVERSION = YES;
				CLANG_WARN_NON_LITERAL_NULL_CONVERSION = YES;
				CLANG_WARN_OBJC_IMPLICIT_RETAIN_SELF = YES;
				CLANG_WARN_OBJC_LITERAL_CONVERSION = YES;
				CLANG_WARN_OBJC_ROOT_CLASS = YES_ERROR;
				CLANG_WARN_QUOTED_INCLUDE_IN_FRAMEWORK_HEADER = YES;
				CLANG_WARN_RANGE_LOOP_ANALYSIS = YES;
				CLANG_WARN_STRICT_PROTOTYPES = YES;
				CLANG_WARN_SUSPICIOUS_MOVE = YES;
				CLANG_WARN_UNGUARDED_AVAILABILITY = YES_AGGRESSIVE;
				CLANG_WARN_UNREACHABLE_CODE = YES;
				CLANG_WARN__DUPLICATE_METHOD_MATCH = YES;
				COPY_PHASE_STRIP = NO;
				DEBUG_INFORMATION_FORMAT = "dwarf-with-dsym";
				ENABLE_NS_ASSERTIONS = NO;
				ENABLE_STRICT_OBJC_MSGSEND = YES;
				GCC_C_LANGUAGE_STANDARD = gnu11;
				GCC_NO_COMMON_BLOCKS = YES;
				GCC_WARN_64_TO_32_BIT_CONVERSION = YES;
				GCC_WARN_ABOUT_RETURN_TYPE = YES_ERROR;
				GCC_WARN_UNDECLARED_SELECTOR = YES;
				GCC_WARN_UNINITIALIZED_AUTOS = YES_AGGRESSIVE;
				GCC_WARN_UNUSED_FUNCTION = YES;
				GCC_WARN_UNUSED_VARIABLE = YES;
				IPHONEOS_DEPLOYMENT_TARGET = 15.5;
				MTL_ENABLE_DEBUG_INFO = NO;
				MTL_FAST_MATH = YES;
				SDKROOT = iphoneos;
				SWIFT_COMPILATION_MODE = wholemodule;
				SWIFT_OPTIMIZATION_LEVEL = "-O";
				VALIDATE_PRODUCT = YES;
			};
			name = Release;
		};
		426437642957797D00B8589A /* Debug */ = {
			isa = XCBuildConfiguration;
			baseConfigurationReference = F581B8840B900F9DC103005A /* Pods-CSC680FinalProjectMoviesApp.debug.xcconfig */;
			buildSettings = {
				ASSETCATALOG_COMPILER_APPICON_NAME = AppIcon;
				ASSETCATALOG_COMPILER_GLOBAL_ACCENT_COLOR_NAME = AccentColor;
				CODE_SIGN_STYLE = Automatic;
				CURRENT_PROJECT_VERSION = 1;
				GENERATE_INFOPLIST_FILE = YES;
				INFOPLIST_FILE = CSC680FinalProjectMoviesApp/Info.plist;
				INFOPLIST_KEY_UIApplicationSupportsIndirectInputEvents = YES;
				INFOPLIST_KEY_UILaunchStoryboardName = LaunchScreen;
				INFOPLIST_KEY_UIMainStoryboardFile = Main;
				INFOPLIST_KEY_UISupportedInterfaceOrientations_iPad = "UIInterfaceOrientationPortrait UIInterfaceOrientationPortraitUpsideDown UIInterfaceOrientationLandscapeLeft UIInterfaceOrientationLandscapeRight";
				INFOPLIST_KEY_UISupportedInterfaceOrientations_iPhone = "UIInterfaceOrientationPortrait UIInterfaceOrientationLandscapeLeft UIInterfaceOrientationLandscapeRight";
				LD_RUNPATH_SEARCH_PATHS = (
					"$(inherited)",
					"@executable_path/Frameworks",
				);
				MARKETING_VERSION = 1.0;
				PRODUCT_BUNDLE_IDENTIFIER = loza.mail.sfsu.edu.CSC680FinalProjectMoviesApp;
				PRODUCT_NAME = "$(TARGET_NAME)";
				SWIFT_EMIT_LOC_STRINGS = YES;
				SWIFT_VERSION = 5.0;
				TARGETED_DEVICE_FAMILY = "1,2";
			};
			name = Debug;
		};
		426437652957797D00B8589A /* Release */ = {
			isa = XCBuildConfiguration;
			baseConfigurationReference = 4BBC83B8BC4603EAE68F47AF /* Pods-CSC680FinalProjectMoviesApp.release.xcconfig */;
			buildSettings = {
				ASSETCATALOG_COMPILER_APPICON_NAME = AppIcon;
				ASSETCATALOG_COMPILER_GLOBAL_ACCENT_COLOR_NAME = AccentColor;
				CODE_SIGN_STYLE = Automatic;
				CURRENT_PROJECT_VERSION = 1;
				GENERATE_INFOPLIST_FILE = YES;
				INFOPLIST_FILE = CSC680FinalProjectMoviesApp/Info.plist;
				INFOPLIST_KEY_UIApplicationSupportsIndirectInputEvents = YES;
				INFOPLIST_KEY_UILaunchStoryboardName = LaunchScreen;
				INFOPLIST_KEY_UIMainStoryboardFile = Main;
				INFOPLIST_KEY_UISupportedInterfaceOrientations_iPad = "UIInterfaceOrientationPortrait UIInterfaceOrientationPortraitUpsideDown UIInterfaceOrientationLandscapeLeft UIInterfaceOrientationLandscapeRight";
				INFOPLIST_KEY_UISupportedInterfaceOrientations_iPhone = "UIInterfaceOrientationPortrait UIInterfaceOrientationLandscapeLeft UIInterfaceOrientationLandscapeRight";
				LD_RUNPATH_SEARCH_PATHS = (
					"$(inherited)",
					"@executable_path/Frameworks",
				);
				MARKETING_VERSION = 1.0;
				PRODUCT_BUNDLE_IDENTIFIER = loza.mail.sfsu.edu.CSC680FinalProjectMoviesApp;
				PRODUCT_NAME = "$(TARGET_NAME)";
				SWIFT_EMIT_LOC_STRINGS = YES;
				SWIFT_VERSION = 5.0;
				TARGETED_DEVICE_FAMILY = "1,2";
			};
			name = Release;
		};
		426437672957797D00B8589A /* Debug */ = {
			isa = XCBuildConfiguration;
			baseConfigurationReference = ACC63006E9C7B957819FBB82 /* Pods-CSC680FinalProjectMoviesAppTests.debug.xcconfig */;
			buildSettings = {
				ALWAYS_EMBED_SWIFT_STANDARD_LIBRARIES = YES;
				BUNDLE_LOADER = "$(TEST_HOST)";
				CODE_SIGN_STYLE = Automatic;
				CURRENT_PROJECT_VERSION = 1;
				GENERATE_INFOPLIST_FILE = YES;
				IPHONEOS_DEPLOYMENT_TARGET = 15.5;
				MARKETING_VERSION = 1.0;
				PRODUCT_BUNDLE_IDENTIFIER = loza.mail.sfsu.edu.CSC680FinalProjectMoviesAppTests;
				PRODUCT_NAME = "$(TARGET_NAME)";
				SWIFT_EMIT_LOC_STRINGS = NO;
				SWIFT_VERSION = 5.0;
				TARGETED_DEVICE_FAMILY = "1,2";
				TEST_HOST = "$(BUILT_PRODUCTS_DIR)/CSC680FinalProjectMoviesApp.app/CSC680FinalProjectMoviesApp";
			};
			name = Debug;
		};
		426437682957797D00B8589A /* Release */ = {
			isa = XCBuildConfiguration;
			baseConfigurationReference = 1C58028F396A24D24BD38BD1 /* Pods-CSC680FinalProjectMoviesAppTests.release.xcconfig */;
			buildSettings = {
				ALWAYS_EMBED_SWIFT_STANDARD_LIBRARIES = YES;
				BUNDLE_LOADER = "$(TEST_HOST)";
				CODE_SIGN_STYLE = Automatic;
				CURRENT_PROJECT_VERSION = 1;
				GENERATE_INFOPLIST_FILE = YES;
				IPHONEOS_DEPLOYMENT_TARGET = 15.5;
				MARKETING_VERSION = 1.0;
				PRODUCT_BUNDLE_IDENTIFIER = loza.mail.sfsu.edu.CSC680FinalProjectMoviesAppTests;
				PRODUCT_NAME = "$(TARGET_NAME)";
				SWIFT_EMIT_LOC_STRINGS = NO;
				SWIFT_VERSION = 5.0;
				TARGETED_DEVICE_FAMILY = "1,2";
				TEST_HOST = "$(BUILT_PRODUCTS_DIR)/CSC680FinalProjectMoviesApp.app/CSC680FinalProjectMoviesApp";
			};
			name = Release;
		};
		4264376A2957797D00B8589A /* Debug */ = {
			isa = XCBuildConfiguration;
			baseConfigurationReference = 04CCBF2791F841B23E38A5A7 /* Pods-CSC680FinalProjectMoviesApp-CSC680FinalProjectMoviesAppUITests.debug.xcconfig */;
			buildSettings = {
				ALWAYS_EMBED_SWIFT_STANDARD_LIBRARIES = YES;
				CODE_SIGN_STYLE = Automatic;
				CURRENT_PROJECT_VERSION = 1;
				GENERATE_INFOPLIST_FILE = YES;
				MARKETING_VERSION = 1.0;
				PRODUCT_BUNDLE_IDENTIFIER = loza.mail.sfsu.edu.CSC680FinalProjectMoviesAppUITests;
				PRODUCT_NAME = "$(TARGET_NAME)";
				SWIFT_EMIT_LOC_STRINGS = NO;
				SWIFT_VERSION = 5.0;
				TARGETED_DEVICE_FAMILY = "1,2";
				TEST_TARGET_NAME = CSC680FinalProjectMoviesApp;
			};
			name = Debug;
		};
		4264376B2957797D00B8589A /* Release */ = {
			isa = XCBuildConfiguration;
			baseConfigurationReference = 9CB460EE90C80C6A36217116 /* Pods-CSC680FinalProjectMoviesApp-CSC680FinalProjectMoviesAppUITests.release.xcconfig */;
			buildSettings = {
				ALWAYS_EMBED_SWIFT_STANDARD_LIBRARIES = YES;
				CODE_SIGN_STYLE = Automatic;
				CURRENT_PROJECT_VERSION = 1;
				GENERATE_INFOPLIST_FILE = YES;
				MARKETING_VERSION = 1.0;
				PRODUCT_BUNDLE_IDENTIFIER = loza.mail.sfsu.edu.CSC680FinalProjectMoviesAppUITests;
				PRODUCT_NAME = "$(TARGET_NAME)";
				SWIFT_EMIT_LOC_STRINGS = NO;
				SWIFT_VERSION = 5.0;
				TARGETED_DEVICE_FAMILY = "1,2";
				TEST_TARGET_NAME = CSC680FinalProjectMoviesApp;
			};
			name = Release;
		};
/* End XCBuildConfiguration section */

/* Begin XCConfigurationList section */
		426437342957797A00B8589A /* Build configuration list for PBXProject "CSC680FinalProjectMoviesApp" */ = {
			isa = XCConfigurationList;
			buildConfigurations = (
				426437612957797D00B8589A /* Debug */,
				426437622957797D00B8589A /* Release */,
			);
			defaultConfigurationIsVisible = 0;
			defaultConfigurationName = Release;
		};
		426437632957797D00B8589A /* Build configuration list for PBXNativeTarget "CSC680FinalProjectMoviesApp" */ = {
			isa = XCConfigurationList;
			buildConfigurations = (
				426437642957797D00B8589A /* Debug */,
				426437652957797D00B8589A /* Release */,
			);
			defaultConfigurationIsVisible = 0;
			defaultConfigurationName = Release;
		};
		426437662957797D00B8589A /* Build configuration list for PBXNativeTarget "CSC680FinalProjectMoviesAppTests" */ = {
			isa = XCConfigurationList;
			buildConfigurations = (
				426437672957797D00B8589A /* Debug */,
				426437682957797D00B8589A /* Release */,
			);
			defaultConfigurationIsVisible = 0;
			defaultConfigurationName = Release;
		};
		426437692957797D00B8589A /* Build configuration list for PBXNativeTarget "CSC680FinalProjectMoviesAppUITests" */ = {
			isa = XCConfigurationList;
			buildConfigurations = (
				4264376A2957797D00B8589A /* Debug */,
				4264376B2957797D00B8589A /* Release */,
			);
			defaultConfigurationIsVisible = 0;
			defaultConfigurationName = Release;
		};
/* End XCConfigurationList section */
	};
	rootObject = 426437312957797A00B8589A /* Project object */;
}
